---
# Play to get system time 

- hosts: localhost
  gather_facts: false
  
  tasks:
   - name: Get ansible date/time facts
     setup:
       filter: "ansible_date_time"
       gather_subset: "!all"

   - name: Store DTG as fact
     set_fact:
       DTG: "{{ ansible_date_time.date }}"

   - name: Create Directory {{hostvars.localhost.DTG}} 
     file: 
      path: ~/backups/{{hostvars.localhost.DTG}}
      state: directory

- hosts: SWITCHES
  connection: local
  gather_facts: false

  vars:
    command_list:
      - show clock

  tasks:
   - name: Run the command and save output 
     ios_command:
       commands: "{{ command_list }}"
     register: showoutput

   - name: "Put all the files together into one nice text file"
     template: 
       src: clock_template.j2 
       dest: "~/backups/{{hostvars.localhost.DTG}}/{{ inventory_hostname }}-{{hostvars.localhost.DTG}}-showoutput.txt"

